
Microsoft Visual Studio Solution File, Format Version 12.00
# Visual Studio 15
Project("{FAE04EC0-301F-11D3-BF4B-00C04F79EFBC}") = "Assembly-CSharp-Editor", "Assembly-CSharp-Editor.csproj", "{3B2E9CB3-3700-6B94-BB43-6B47EF0BD234}"
EndProject
Project("{FAE04EC0-301F-11D3-BF4B-00C04F79EFBC}") = "Assembly-CSharp", "Assembly-CSharp.csproj", "{0485C8B6-7F22-2D29-5D31-C2773E1F64E4}"
EndProject
Global
	GlobalSection(SolutionConfigurationPlatforms) = preSolution
		Debug|Any CPU = Debug|Any CPU
		Release|Any CPU = Release|Any CPU
	EndGlobalSection
	GlobalSection(ProjectConfigurationPlatforms) = postSolution
		{3B2E9CB3-3700-6B94-BB43-6B47EF0BD234}.Debug|Any CPU.ActiveCfg = Debug|Any CPU
		{3B2E9CB3-3700-6B94-BB43-6B47EF0BD234}.Debug|Any CPU.Build.0 = Debug|Any CPU
		{3B2E9CB3-3700-6B94-BB43-6B47EF0BD234}.Release|Any CPU.ActiveCfg = Release|Any CPU
		{3B2E9CB3-3700-6B94-BB43-6B47EF0BD234}.Release|Any CPU.Build.0 = Release|Any CPU
		{0485C8B6-7F22-2D29-5D31-C2773E1F64E4}.Debug|Any CPU.ActiveCfg = Debug|Any CPU
		{0485C8B6-7F22-2D29-5D31-C2773E1F64E4}.Debug|Any CPU.Build.0 = Debug|Any CPU
		{0485C8B6-7F22-2D29-5D31-C2773E1F64E4}.Release|Any CPU.ActiveCfg = Release|Any CPU
		{0485C8B6-7F22-2D29-5D31-C2773E1F64E4}.Release|Any CPU.Build.0 = Release|Any CPU
	EndGlobalSection
	GlobalSection(SolutionProperties) = preSolution
		HideSolutionNode = FALSE
	EndGlobalSection
EndGlobal
